
Microsoft Visual Studio Solution File, Format Version 12.00
# Visual Studio Version 17
VisualStudioVersion = 17.4.33213.308
MinimumVisualStudioVersion = 10.0.40219.1
Project("{FAE04EC0-301F-11D3-BF4B-00C04F79EFBC}") = "D12-ovn-1", "D12-ovn-1.csproj", "{394239AF-302F-44B7-B783-602FEF029282}"
EndProject
Global
	GlobalSection(SolutionConfigurationPlatforms) = preSolution
		Debug|Any CPU = Debug|Any CPU
		Release|Any CPU = Release|Any CPU
	EndGlobalSection
	GlobalSection(ProjectConfigurationPlatforms) = postSolution
		{394239AF-302F-44B7-B783-602FEF029282}.Debug|Any CPU.ActiveCfg = Debug|Any CPU
		{394239AF-302F-44B7-B783-602FEF029282}.Debug|Any CPU.Build.0 = Debug|Any CPU
		{394239AF-302F-44B7-B783-602FEF029282}.Release|Any CPU.ActiveCfg = Release|Any CPU
		{394239AF-302F-44B7-B783-602FEF029282}.Release|Any CPU.Build.0 = Release|Any CPU
	EndGlobalSection
	GlobalSection(SolutionProperties) = preSolution
		HideSolutionNode = FALSE
	EndGlobalSection
	GlobalSection(ExtensibilityGlobals) = postSolution
		SolutionGuid = {727AC4E2-287F-4681-87D9-BDD2021987AC}
	EndGlobalSection
EndGlobal
